
Microsoft Visual Studio Solution File, Format Version 12.00
# Visual Studio Version 16
VisualStudioVersion = 16.0.32228.343
MinimumVisualStudioVersion = 10.0.40219.1
Project("{FAE04EC0-301F-11D3-BF4B-00C04F79EFBC}") = "PedroPOE", "PedroPOE\PedroPOE.csproj", "{D6A09603-2719-46B8-8182-D8479CF25F4E}"
EndProject
Global
	GlobalSection(SolutionConfigurationPlatforms) = preSolution
		Debug|Any CPU = Debug|Any CPU
		Release|Any CPU = Release|Any CPU
	EndGlobalSection
	GlobalSection(ProjectConfigurationPlatforms) = postSolution
		{D6A09603-2719-46B8-8182-D8479CF25F4E}.Debug|Any CPU.ActiveCfg = Debug|Any CPU
		{D6A09603-2719-46B8-8182-D8479CF25F4E}.Debug|Any CPU.Build.0 = Debug|Any CPU
		{D6A09603-2719-46B8-8182-D8479CF25F4E}.Release|Any CPU.ActiveCfg = Release|Any CPU
		{D6A09603-2719-46B8-8182-D8479CF25F4E}.Release|Any CPU.Build.0 = Release|Any CPU
	EndGlobalSection
	GlobalSection(SolutionProperties) = preSolution
		HideSolutionNode = FALSE
	EndGlobalSection
	GlobalSection(ExtensibilityGlobals) = postSolution
		SolutionGuid = {2CE96E61-DF94-4F15-BB35-9656C6FA64ED}
	EndGlobalSection
EndGlobal
